
Microsoft Visual Studio Solution File, Format Version 12.00
# Visual Studio Version 16
VisualStudioVersion = 16.0.32630.194
MinimumVisualStudioVersion = 10.0.40219.1
Project("{FAE04EC0-301F-11D3-BF4B-00C04F79EFBC}") = "Exercicio02CSharp", "Exercicio02CSharp\Exercicio02CSharp.csproj", "{306130C9-45B1-4264-985A-EF1BE417DEC2}"
EndProject
Global
	GlobalSection(SolutionConfigurationPlatforms) = preSolution
		Debug|Any CPU = Debug|Any CPU
		Release|Any CPU = Release|Any CPU
	EndGlobalSection
	GlobalSection(ProjectConfigurationPlatforms) = postSolution
		{306130C9-45B1-4264-985A-EF1BE417DEC2}.Debug|Any CPU.ActiveCfg = Debug|Any CPU
		{306130C9-45B1-4264-985A-EF1BE417DEC2}.Debug|Any CPU.Build.0 = Debug|Any CPU
		{306130C9-45B1-4264-985A-EF1BE417DEC2}.Release|Any CPU.ActiveCfg = Release|Any CPU
		{306130C9-45B1-4264-985A-EF1BE417DEC2}.Release|Any CPU.Build.0 = Release|Any CPU
	EndGlobalSection
	GlobalSection(SolutionProperties) = preSolution
		HideSolutionNode = FALSE
	EndGlobalSection
	GlobalSection(ExtensibilityGlobals) = postSolution
		SolutionGuid = {FE1419A7-F4F8-466C-BB6D-B75B34A49929}
	EndGlobalSection
EndGlobal
